// !$*UTF8*$!
{
	archiveVersion = 1;
	classes = {
	};
	objectVersion = 46;
	objects = {

/* Begin PBXBuildFile section */
		CD0720D01DFED95A00126825 /* Setting.swift in Sources */ = {isa = PBXBuildFile; fileRef = CD0720CF1DFED95A00126825 /* Setting.swift */; };
		CD2B305F1E0297FE00CB54B1 /* ApiService.swift in Sources */ = {isa = PBXBuildFile; fileRef = CD2B305E1E0297FE00CB54B1 /* ApiService.swift */; };
		CD2B30611E02C8F800CB54B1 /* FeedCell.swift in Sources */ = {isa = PBXBuildFile; fileRef = CD2B30601E02C8F800CB54B1 /* FeedCell.swift */; };
		CD2B30631E02CC5F00CB54B1 /* HomeBackupViewController.swift in Sources */ = {isa = PBXBuildFile; fileRef = CD2B30621E02CC5F00CB54B1 /* HomeBackupViewController.swift */; };
		CD39E29F1DFCA6EA00174609 /* Extention.swift in Sources */ = {isa = PBXBuildFile; fileRef = CD39E29E1DFCA6EA00174609 /* Extention.swift */; };
		CD3DB7FF1E08132700D5D00B /* TrendingCell.swift in Sources */ = {isa = PBXBuildFile; fileRef = CD3DB7FE1E08132700D5D00B /* TrendingCell.swift */; };
		CD3DB8011E08230800D5D00B /* SubscriptionCell.swift in Sources */ = {isa = PBXBuildFile; fileRef = CD3DB8001E08230800D5D00B /* SubscriptionCell.swift */; };
		CD58B9791DFBF3E40043A3A2 /* Video.swift in Sources */ = {isa = PBXBuildFile; fileRef = CD58B9781DFBF3E40043A3A2 /* Video.swift */; };
		CD680F421DF5DDCA0006692D /* AppDelegate.swift in Sources */ = {isa = PBXBuildFile; fileRef = CD680F411DF5DDCA0006692D /* AppDelegate.swift */; };
		CD680F441DF5DDCA0006692D /* HomeController.swift in Sources */ = {isa = PBXBuildFile; fileRef = CD680F431DF5DDCA0006692D /* HomeController.swift */; };
		CD680F471DF5DDCA0006692D /* Main.storyboard in Resources */ = {isa = PBXBuildFile; fileRef = CD680F451DF5DDCA0006692D /* Main.storyboard */; };
		CD680F491DF5DDCA0006692D /* Assets.xcassets in Resources */ = {isa = PBXBuildFile; fileRef = CD680F481DF5DDCA0006692D /* Assets.xcassets */; };
		CD680F4C1DF5DDCA0006692D /* LaunchScreen.storyboard in Resources */ = {isa = PBXBuildFile; fileRef = CD680F4A1DF5DDCA0006692D /* LaunchScreen.storyboard */; };
		CD6FCBCE1DF7FAA900A158C4 /* menuBar.xib in Resources */ = {isa = PBXBuildFile; fileRef = CD6FCBCD1DF7FAA900A158C4 /* menuBar.xib */; };
		CD6FCBD01DF8017900A158C4 /* menuBarCell.xib in Resources */ = {isa = PBXBuildFile; fileRef = CD6FCBCF1DF8017900A158C4 /* menuBarCell.xib */; };
		CD6FCBD21DF8019900A158C4 /* menuBarCell.swift in Sources */ = {isa = PBXBuildFile; fileRef = CD6FCBD11DF8019900A158C4 /* menuBarCell.swift */; };
		CD852F091DFDE0370022D960 /* SettingsLuncher.swift in Sources */ = {isa = PBXBuildFile; fileRef = CD852F081DFDE0370022D960 /* SettingsLuncher.swift */; };
		CD9F42621DFBFEF700E97440 /* Channel.swift in Sources */ = {isa = PBXBuildFile; fileRef = CD9F42611DFBFEF700E97440 /* Channel.swift */; };
		CDA10A601DF6EEB600C24E29 /* VideoCollectionViewCell.swift in Sources */ = {isa = PBXBuildFile; fileRef = CDA10A5F1DF6EEB600C24E29 /* VideoCollectionViewCell.swift */; };
		CDC141AF1DFEB05F00FED14B /* settingsCell.swift in Sources */ = {isa = PBXBuildFile; fileRef = CDC141AE1DFEB05F00FED14B /* settingsCell.swift */; };
		CDDB44481DF74CEF00A6E299 /* menuBar.swift in Sources */ = {isa = PBXBuildFile; fileRef = CDDB44471DF74CEF00A6E299 /* menuBar.swift */; };
		CDFA870F1E02D2030074D4A7 /* VideoCell.xib in Resources */ = {isa = PBXBuildFile; fileRef = CDFA870E1E02D2030074D4A7 /* VideoCell.xib */; };
		CDFA87131E02D36A0074D4A7 /* Video.xib in Resources */ = {isa = PBXBuildFile; fileRef = CDFA87121E02D36A0074D4A7 /* Video.xib */; };
/* End PBXBuildFile section */

/* Begin PBXFileReference section */
		CD0720CF1DFED95A00126825 /* Setting.swift */ = {isa = PBXFileReference; fileEncoding = 4; lastKnownFileType = sourcecode.swift; path = Setting.swift; sourceTree = "<group>"; };
		CD2B305E1E0297FE00CB54B1 /* ApiService.swift */ = {isa = PBXFileReference; fileEncoding = 4; lastKnownFileType = sourcecode.swift; path = ApiService.swift; sourceTree = "<group>"; };
		CD2B30601E02C8F800CB54B1 /* FeedCell.swift */ = {isa = PBXFileReference; fileEncoding = 4; lastKnownFileType = sourcecode.swift; path = FeedCell.swift; sourceTree = "<group>"; };
		CD2B30621E02CC5F00CB54B1 /* HomeBackupViewController.swift */ = {isa = PBXFileReference; fileEncoding = 4; lastKnownFileType = sourcecode.swift; path = HomeBackupViewController.swift; sourceTree = "<group>"; };
		CD39E29E1DFCA6EA00174609 /* Extention.swift */ = {isa = PBXFileReference; fileEncoding = 4; lastKnownFileType = sourcecode.swift; path = Extention.swift; sourceTree = "<group>"; };
		CD3DB7FE1E08132700D5D00B /* TrendingCell.swift */ = {isa = PBXFileReference; fileEncoding = 4; lastKnownFileType = sourcecode.swift; path = TrendingCell.swift; sourceTree = "<group>"; };
		CD3DB8001E08230800D5D00B /* SubscriptionCell.swift */ = {isa = PBXFileReference; fileEncoding = 4; lastKnownFileType = sourcecode.swift; path = SubscriptionCell.swift; sourceTree = "<group>"; };
		CD58B9781DFBF3E40043A3A2 /* Video.swift */ = {isa = PBXFileReference; fileEncoding = 4; lastKnownFileType = sourcecode.swift; path = Video.swift; sourceTree = "<group>"; };
		CD680F3E1DF5DDCA0006692D /* YouTube.app */ = {isa = PBXFileReference; explicitFileType = wrapper.application; includeInIndex = 0; path = YouTube.app; sourceTree = BUILT_PRODUCTS_DIR; };
		CD680F411DF5DDCA0006692D /* AppDelegate.swift */ = {isa = PBXFileReference; lastKnownFileType = sourcecode.swift; path = AppDelegate.swift; sourceTree = "<group>"; };
		CD680F431DF5DDCA0006692D /* HomeController.swift */ = {isa = PBXFileReference; lastKnownFileType = sourcecode.swift; path = HomeController.swift; sourceTree = "<group>"; };
		CD680F461DF5DDCA0006692D /* Base */ = {isa = PBXFileReference; lastKnownFileType = file.storyboard; name = Base; path = Base.lproj/Main.storyboard; sourceTree = "<group>"; };
		CD680F481DF5DDCA0006692D /* Assets.xcassets */ = {isa = PBXFileReference; lastKnownFileType = folder.assetcatalog; path = Assets.xcassets; sourceTree = "<group>"; };
		CD680F4B1DF5DDCA0006692D /* Base */ = {isa = PBXFileReference; lastKnownFileType = file.storyboard; name = Base; path = Base.lproj/LaunchScreen.storyboard; sourceTree = "<group>"; };
		CD680F4D1DF5DDCA0006692D /* Info.plist */ = {isa = PBXFileReference; lastKnownFileType = text.plist.xml; path = Info.plist; sourceTree = "<group>"; };
		CD6FCBCD1DF7FAA900A158C4 /* menuBar.xib */ = {isa = PBXFileReference; fileEncoding = 4; lastKnownFileType = file.xib; path = menuBar.xib; sourceTree = "<group>"; };
		CD6FCBCF1DF8017900A158C4 /* menuBarCell.xib */ = {isa = PBXFileReference; fileEncoding = 4; lastKnownFileType = file.xib; path = menuBarCell.xib; sourceTree = "<group>"; };
		CD6FCBD11DF8019900A158C4 /* menuBarCell.swift */ = {isa = PBXFileReference; fileEncoding = 4; lastKnownFileType = sourcecode.swift; path = menuBarCell.swift; sourceTree = "<group>"; };
		CD852F081DFDE0370022D960 /* SettingsLuncher.swift */ = {isa = PBXFileReference; fileEncoding = 4; lastKnownFileType = sourcecode.swift; path = SettingsLuncher.swift; sourceTree = "<group>"; };
		CD9F42611DFBFEF700E97440 /* Channel.swift */ = {isa = PBXFileReference; fileEncoding = 4; lastKnownFileType = sourcecode.swift; path = Channel.swift; sourceTree = "<group>"; };
		CDA10A5F1DF6EEB600C24E29 /* VideoCollectionViewCell.swift */ = {isa = PBXFileReference; fileEncoding = 4; lastKnownFileType = sourcecode.swift; path = VideoCollectionViewCell.swift; sourceTree = "<group>"; };
		CDC141AE1DFEB05F00FED14B /* settingsCell.swift */ = {isa = PBXFileReference; fileEncoding = 4; lastKnownFileType = sourcecode.swift; path = settingsCell.swift; sourceTree = "<group>"; };
		CDDB44471DF74CEF00A6E299 /* menuBar.swift */ = {isa = PBXFileReference; fileEncoding = 4; lastKnownFileType = sourcecode.swift; path = menuBar.swift; sourceTree = "<group>"; };
		CDFA870E1E02D2030074D4A7 /* VideoCell.xib */ = {isa = PBXFileReference; fileEncoding = 4; lastKnownFileType = file.xib; path = VideoCell.xib; sourceTree = "<group>"; };
		CDFA87121E02D36A0074D4A7 /* Video.xib */ = {isa = PBXFileReference; fileEncoding = 4; lastKnownFileType = file.xib; path = Video.xib; sourceTree = "<group>"; };
/* End PBXFileReference section */

/* Begin PBXFrameworksBuildPhase section */
		CD680F3B1DF5DDCA0006692D /* Frameworks */ = {
			isa = PBXFrameworksBuildPhase;
			buildActionMask = 2147483647;
			files = (
			);
			runOnlyForDeploymentPostprocessing = 0;
		};
/* End PBXFrameworksBuildPhase section */

/* Begin PBXGroup section */
		CD2B305D1E0297E300CB54B1 /* ApiService */ = {
			isa = PBXGroup;
			children = (
				CD2B305E1E0297FE00CB54B1 /* ApiService.swift */,
			);
			name = ApiService;
			sourceTree = "<group>";
		};
		CD39E29D1DFCA68600174609 /* Helpers */ = {
			isa = PBXGroup;
			children = (
				CD39E29E1DFCA6EA00174609 /* Extention.swift */,
			);
			name = Helpers;
			sourceTree = "<group>";
		};
		CD58B9771DFBF3630043A3A2 /* Model */ = {
			isa = PBXGroup;
			children = (
				CD58B9781DFBF3E40043A3A2 /* Video.swift */,
				CD9F42611DFBFEF700E97440 /* Channel.swift */,
				CD0720CF1DFED95A00126825 /* Setting.swift */,
			);
			name = Model;
			sourceTree = "<group>";
		};
		CD680F351DF5DDCA0006692D = {
			isa = PBXGroup;
			children = (
				CD680F401DF5DDCA0006692D /* YouTube */,
				CD680F3F1DF5DDCA0006692D /* Products */,
			);
			sourceTree = "<group>";
		};
		CD680F3F1DF5DDCA0006692D /* Products */ = {
			isa = PBXGroup;
			children = (
				CD680F3E1DF5DDCA0006692D /* YouTube.app */,
			);
			name = Products;
			sourceTree = "<group>";
		};
		CD680F401DF5DDCA0006692D /* YouTube */ = {
			isa = PBXGroup;
			children = (
				CD2B305D1E0297E300CB54B1 /* ApiService */,
				CD39E29D1DFCA68600174609 /* Helpers */,
				CD58B9771DFBF3630043A3A2 /* Model */,
				CDFDB6431DF9FDF100258940 /* XIB */,
				CDDB44431DF74ACB00A6E299 /* Controller */,
				CDDB44441DF74AEC00A6E299 /* View */,
				CD680F411DF5DDCA0006692D /* AppDelegate.swift */,
				CD680F451DF5DDCA0006692D /* Main.storyboard */,
				CD680F4A1DF5DDCA0006692D /* LaunchScreen.storyboard */,
				CD680F481DF5DDCA0006692D /* Assets.xcassets */,
				CD680F4D1DF5DDCA0006692D /* Info.plist */,
			);
			path = YouTube;
			sourceTree = "<group>";
		};
		CDC141AD1DFEB03900FED14B /* Costum Cells */ = {
			isa = PBXGroup;
			children = (
				CD2B30601E02C8F800CB54B1 /* FeedCell.swift */,
				CD3DB8001E08230800D5D00B /* SubscriptionCell.swift */,
				CD3DB7FE1E08132700D5D00B /* TrendingCell.swift */,
				CDA10A5F1DF6EEB600C24E29 /* VideoCollectionViewCell.swift */,
				CD6FCBD11DF8019900A158C4 /* menuBarCell.swift */,
				CDC141AE1DFEB05F00FED14B /* settingsCell.swift */,
			);
			name = "Costum Cells";
			sourceTree = "<group>";
		};
		CDDB44431DF74ACB00A6E299 /* Controller */ = {
			isa = PBXGroup;
			children = (
				CD680F431DF5DDCA0006692D /* HomeController.swift */,
				CD852F081DFDE0370022D960 /* SettingsLuncher.swift */,
				CD2B30621E02CC5F00CB54B1 /* HomeBackupViewController.swift */,
			);
			name = Controller;
			sourceTree = "<group>";
		};
		CDDB44441DF74AEC00A6E299 /* View */ = {
			isa = PBXGroup;
			children = (
				CDC141AD1DFEB03900FED14B /* Costum Cells */,
				CDDB44471DF74CEF00A6E299 /* menuBar.swift */,
			);
			name = View;
			sourceTree = "<group>";
		};
		CDFDB6431DF9FDF100258940 /* XIB */ = {
			isa = PBXGroup;
			children = (
				CD6FCBCD1DF7FAA900A158C4 /* menuBar.xib */,
				CD6FCBCF1DF8017900A158C4 /* menuBarCell.xib */,
				CDFA870E1E02D2030074D4A7 /* VideoCell.xib */,
				CDFA87121E02D36A0074D4A7 /* Video.xib */,
			);
			name = XIB;
			sourceTree = "<group>";
		};
/* End PBXGroup section */

/* Begin PBXNativeTarget section */
		CD680F3D1DF5DDCA0006692D /* YouTube */ = {
			isa = PBXNativeTarget;
			buildConfigurationList = CD680F501DF5DDCA0006692D /* Build configuration list for PBXNativeTarget "YouTube" */;
			buildPhases = (
				CD680F3A1DF5DDCA0006692D /* Sources */,
				CD680F3B1DF5DDCA0006692D /* Frameworks */,
				CD680F3C1DF5DDCA0006692D /* Resources */,
			);
			buildRules = (
			);
			dependencies = (
			);
			name = YouTube;
			productName = YouTube;
			productReference = CD680F3E1DF5DDCA0006692D /* YouTube.app */;
			productType = "com.apple.product-type.application";
		};
/* End PBXNativeTarget section */

/* Begin PBXProject section */
		CD680F361DF5DDCA0006692D /* Project object */ = {
			isa = PBXProject;
			attributes = {
				LastSwiftUpdateCheck = 0820;
				LastUpgradeCheck = 0820;
				ORGANIZATIONNAME = "Omry Dabush";
				TargetAttributes = {
					CD680F3D1DF5DDCA0006692D = {
						CreatedOnToolsVersion = 8.2;
						DevelopmentTeam = 79LH43EPL7;
						ProvisioningStyle = Automatic;
					};
				};
			};
			buildConfigurationList = CD680F391DF5DDCA0006692D /* Build configuration list for PBXProject "YouTube" */;
			compatibilityVersion = "Xcode 3.2";
			developmentRegion = English;
			hasScannedForEncodings = 0;
			knownRegions = (
				English,
				en,
				Base,
			);
			mainGroup = CD680F351DF5DDCA0006692D;
			productRefGroup = CD680F3F1DF5DDCA0006692D /* Products */;
			projectDirPath = "";
			projectRoot = "";
			targets = (
				CD680F3D1DF5DDCA0006692D /* YouTube */,
			);
		};
/* End PBXProject section */

/* Begin PBXResourcesBuildPhase section */
		CD680F3C1DF5DDCA0006692D /* Resources */ = {
			isa = PBXResourcesBuildPhase;
			buildActionMask = 2147483647;
			files = (
				CD680F4C1DF5DDCA0006692D /* LaunchScreen.storyboard in Resources */,
				CD680F491DF5DDCA0006692D /* Assets.xcassets in Resources */,
				CD6FCBCE1DF7FAA900A158C4 /* menuBar.xib in Resources */,
				CDFA870F1E02D2030074D4A7 /* VideoCell.xib in Resources */,
				CD6FCBD01DF8017900A158C4 /* menuBarCell.xib in Resources */,
				CDFA87131E02D36A0074D4A7 /* Video.xib in Resources */,
				CD680F471DF5DDCA0006692D /* Main.storyboard in Resources */,
			);
			runOnlyForDeploymentPostprocessing = 0;
		};
/* End PBXResourcesBuildPhase section */

/* Begin PBXSourcesBuildPhase section */
		CD680F3A1DF5DDCA0006692D /* Sources */ = {
			isa = PBXSourcesBuildPhase;
			buildActionMask = 2147483647;
			files = (
				CD39E29F1DFCA6EA00174609 /* Extention.swift in Sources */,
				CD9F42621DFBFEF700E97440 /* Channel.swift in Sources */,
				CD3DB7FF1E08132700D5D00B /* TrendingCell.swift in Sources */,
				CD2B305F1E0297FE00CB54B1 /* ApiService.swift in Sources */,
				CDDB44481DF74CEF00A6E299 /* menuBar.swift in Sources */,
				CD852F091DFDE0370022D960 /* SettingsLuncher.swift in Sources */,
				CD3DB8011E08230800D5D00B /* SubscriptionCell.swift in Sources */,
				CDC141AF1DFEB05F00FED14B /* settingsCell.swift in Sources */,
				CD58B9791DFBF3E40043A3A2 /* Video.swift in Sources */,
				CD0720D01DFED95A00126825 /* Setting.swift in Sources */,
				CD6FCBD21DF8019900A158C4 /* menuBarCell.swift in Sources */,
				CDA10A601DF6EEB600C24E29 /* VideoCollectionViewCell.swift in Sources */,
				CD2B30611E02C8F800CB54B1 /* FeedCell.swift in Sources */,
				CD2B30631E02CC5F00CB54B1 /* HomeBackupViewController.swift in Sources */,
				CD680F441DF5DDCA0006692D /* HomeController.swift in Sources */,
				CD680F421DF5DDCA0006692D /* AppDelegate.swift in Sources */,
			);
			runOnlyForDeploymentPostprocessing = 0;
		};
/* End PBXSourcesBuildPhase section */

/* Begin PBXVariantGroup section */
		CD680F451DF5DDCA0006692D /* Main.storyboard */ = {
			isa = PBXVariantGroup;
			children = (
				CD680F461DF5DDCA0006692D /* Base */,
			);
			name = Main.storyboard;
			sourceTree = "<group>";
		};
		CD680F4A1DF5DDCA0006692D /* LaunchScreen.storyboard */ = {
			isa = PBXVariantGroup;
			children = (
				CD680F4B1DF5DDCA0006692D /* Base */,
			);
			name = LaunchScreen.storyboard;
			sourceTree = "<group>";
		};
/* End PBXVariantGroup section */

/* Begin XCBuildConfiguration section */
		CD680F4E1DF5DDCA0006692D /* Debug */ = {
			isa = XCBuildConfiguration;
			buildSettings = {
				ALWAYS_SEARCH_USER_PATHS = NO;
				CLANG_ANALYZER_NONNULL = YES;
				CLANG_CXX_LANGUAGE_STANDARD = "gnu++0x";
				CLANG_CXX_LIBRARY = "libc++";
				CLANG_ENABLE_MODULES = YES;
				CLANG_ENABLE_OBJC_ARC = YES;
				CLANG_WARN_BOOL_CONVERSION = YES;
				CLANG_WARN_CONSTANT_CONVERSION = YES;
				CLANG_WARN_DIRECT_OBJC_ISA_USAGE = YES_ERROR;
				CLANG_WARN_DOCUMENTATION_COMMENTS = YES;
				CLANG_WARN_EMPTY_BODY = YES;
				CLANG_WARN_ENUM_CONVERSION = YES;
				CLANG_WARN_INFINITE_RECURSION = YES;
				CLANG_WARN_INT_CONVERSION = YES;
				CLANG_WARN_OBJC_ROOT_CLASS = YES_ERROR;
				CLANG_WARN_SUSPICIOUS_MOVE = YES;
				CLANG_WARN_UNREACHABLE_CODE = YES;
				CLANG_WARN__DUPLICATE_METHOD_MATCH = YES;
				"CODE_SIGN_IDENTITY[sdk=iphoneos*]" = "iPhone Developer";
				COPY_PHASE_STRIP = NO;
				DEBUG_INFORMATION_FORMAT = dwarf;
				ENABLE_STRICT_OBJC_MSGSEND = YES;
				ENABLE_TESTABILITY = YES;
				GCC_C_LANGUAGE_STANDARD = gnu99;
				GCC_DYNAMIC_NO_PIC = NO;
				GCC_NO_COMMON_BLOCKS = YES;
				GCC_OPTIMIZATION_LEVEL = 0;
				GCC_PREPROCESSOR_DEFINITIONS = (
					"DEBUG=1",
					"$(inherited)",
				);
				GCC_WARN_64_TO_32_BIT_CONVERSION = YES;
				GCC_WARN_ABOUT_RETURN_TYPE = YES_ERROR;
				GCC_WARN_UNDECLARED_SELECTOR = YES;
				GCC_WARN_UNINITIALIZED_AUTOS = YES_AGGRESSIVE;
				GCC_WARN_UNUSED_FUNCTION = YES;
				GCC_WARN_UNUSED_VARIABLE = YES;
				IPHONEOS_DEPLOYMENT_TARGET = 10.2;
				MTL_ENABLE_DEBUG_INFO = YES;
				ONLY_ACTIVE_ARCH = YES;
				SDKROOT = iphoneos;
				SWIFT_ACTIVE_COMPILATION_CONDITIONS = DEBUG;
				SWIFT_OPTIMIZATION_LEVEL = "-Onone";
				TARGETED_DEVICE_FAMILY = "1,2";
			};
			name = Debug;
		};
		CD680F4F1DF5DDCA0006692D /* Release */ = {
			isa = XCBuildConfiguration;
			buildSettings = {
				ALWAYS_SEARCH_USER_PATHS = NO;
				CLANG_ANALYZER_NONNULL = YES;
				CLANG_CXX_LANGUAGE_STANDARD = "gnu++0x";
				CLANG_CXX_LIBRARY = "libc++";
				CLANG_ENABLE_MODULES = YES;
				CLANG_ENABLE_OBJC_ARC = YES;
				CLANG_WARN_BOOL_CONVERSION = YES;
				CLANG_WARN_CONSTANT_CONVERSION = YES;
				CLANG_WARN_DIRECT_OBJC_ISA_USAGE = YES_ERROR;
				CLANG_WARN_DOCUMENTATION_COMMENTS = YES;
				CLANG_WARN_EMPTY_BODY = YES;
				CLANG_WARN_ENUM_CONVERSION = YES;
				CLANG_WARN_INFINITE_RECURSION = YES;
				CLANG_WARN_INT_CONVERSION = YES;
				CLANG_WARN_OBJC_ROOT_CLASS = YES_ERROR;
				CLANG_WARN_SUSPICIOUS_MOVE = YES;
				CLANG_WARN_UNREACHABLE_CODE = YES;
				CLANG_WARN__DUPLICATE_METHOD_MATCH = YES;
				"CODE_SIGN_IDENTITY[sdk=iphoneos*]" = "iPhone Developer";
				COPY_PHASE_STRIP = NO;
				DEBUG_INFORMATION_FORMAT = "dwarf-with-dsym";
				ENABLE_NS_ASSERTIONS = NO;
				ENABLE_STRICT_OBJC_MSGSEND = YES;
				GCC_C_LANGUAGE_STANDARD = gnu99;
				GCC_NO_COMMON_BLOCKS = YES;
				GCC_WARN_64_TO_32_BIT_CONVERSION = YES;
				GCC_WARN_ABOUT_RETURN_TYPE = YES_ERROR;
				GCC_WARN_UNDECLARED_SELECTOR = YES;
				GCC_WARN_UNINITIALIZED_AUTOS = YES_AGGRESSIVE;
				GCC_WARN_UNUSED_FUNCTION = YES;
				GCC_WARN_UNUSED_VARIABLE = YES;
				IPHONEOS_DEPLOYMENT_TARGET = 10.2;
				MTL_ENABLE_DEBUG_INFO = NO;
				SDKROOT = iphoneos;
				SWIFT_OPTIMIZATION_LEVEL = "-Owholemodule";
				TARGETED_DEVICE_FAMILY = "1,2";
				VALIDATE_PRODUCT = YES;
			};
			name = Release;
		};
		CD680F511DF5DDCA0006692D /* Debug */ = {
			isa = XCBuildConfiguration;
			buildSettings = {
				ASSETCATALOG_COMPILER_APPICON_NAME = AppIcon;
				DEVELOPMENT_TEAM = 79LH43EPL7;
				INFOPLIST_FILE = YouTube/Info.plist;
				IPHONEOS_DEPLOYMENT_TARGET = 10.1;
				LD_RUNPATH_SEARCH_PATHS = "$(inherited) @executable_path/Frameworks";
				PRODUCT_BUNDLE_IDENTIFIER = ODAT.YouTube;
				PRODUCT_NAME = "$(TARGET_NAME)";
				SDKROOT = iphoneos;
				SWIFT_VERSION = 4.0;
				TARGETED_DEVICE_FAMILY = 1;
			};
			name = Debug;
		};
		CD680F521DF5DDCA0006692D /* Release */ = {
			isa = XCBuildConfiguration;
			buildSettings = {
				ASSETCATALOG_COMPILER_APPICON_NAME = AppIcon;
				DEVELOPMENT_TEAM = 79LH43EPL7;
				INFOPLIST_FILE = YouTube/Info.plist;
				IPHONEOS_DEPLOYMENT_TARGET = 10.1;
				LD_RUNPATH_SEARCH_PATHS = "$(inherited) @executable_path/Frameworks";
				PRODUCT_BUNDLE_IDENTIFIER = ODAT.YouTube;
				PRODUCT_NAME = "$(TARGET_NAME)";
				SDKROOT = iphoneos;
				SWIFT_VERSION = 4.0;
				TARGETED_DEVICE_FAMILY = 1;
			};
			name = Release;
		};
/* End XCBuildConfiguration section */

/* Begin XCConfigurationList section */
		CD680F391DF5DDCA0006692D /* Build configuration list for PBXProject "YouTube" */ = {
			isa = XCConfigurationList;
			buildConfigurations = (
				CD680F4E1DF5DDCA0006692D /* Debug */,
				CD680F4F1DF5DDCA0006692D /* Release */,
			);
			defaultConfigurationIsVisible = 0;
			defaultConfigurationName = Release;
		};
		CD680F501DF5DDCA0006692D /* Build configuration list for PBXNativeTarget "YouTube" */ = {
			isa = XCConfigurationList;
			buildConfigurations = (
				CD680F511DF5DDCA0006692D /* Debug */,
				CD680F521DF5DDCA0006692D /* Release */,
			);
			defaultConfigurationIsVisible = 0;
			defaultConfigurationName = Release;
		};
/* End XCConfigurationList section */
	};
	rootObject = CD680F361DF5DDCA0006692D /* Project object */;
}
